// !$*UTF8*$!
{
	archiveVersion = 1;
	classes = {
	};
	objectVersion = 56;
	objects = {

/* Begin PBXBuildFile section */
		100000000000000000000001 /* RemoteCanvasApp.swift in Sources */ = {isa = PBXBuildFile; fileRef = 200000000000000000000001 /* RemoteCanvasApp.swift */; };
		100000000000000000000002 /* PairedDevice.swift in Sources */ = {isa = PBXBuildFile; fileRef = 200000000000000000000002 /* PairedDevice.swift */; };
		100000000000000000000003 /* AppModel.swift in Sources */ = {isa = PBXBuildFile; fileRef = 200000000000000000000003 /* AppModel.swift */; };
		100000000000000000000004 /* RemoteSessionTransport.swift in Sources */ = {isa = PBXBuildFile; fileRef = 200000000000000000000004 /* RemoteSessionTransport.swift */; };
		100000000000000000000005 /* AppRootView.swift in Sources */ = {isa = PBXBuildFile; fileRef = 200000000000000000000005 /* AppRootView.swift */; };
		100000000000000000000006 /* DevicesView.swift in Sources */ = {isa = PBXBuildFile; fileRef = 200000000000000000000006 /* DevicesView.swift */; };
		100000000000000000000007 /* PairDeviceView.swift in Sources */ = {isa = PBXBuildFile; fileRef = 200000000000000000000007 /* PairDeviceView.swift */; };
		100000000000000000000008 /* SecuritySettingsView.swift in Sources */ = {isa = PBXBuildFile; fileRef = 200000000000000000000008 /* SecuritySettingsView.swift */; };
		100000000000000000000009 /* RemoteSessionView.swift in Sources */ = {isa = PBXBuildFile; fileRef = 200000000000000000000009 /* RemoteSessionView.swift */; };
		10000000000000000000000A /* RemoteWorkspaceView.swift in Sources */ = {isa = PBXBuildFile; fileRef = 20000000000000000000000A /* RemoteWorkspaceView.swift */; };
		10000000000000000000000B /* Assets.xcassets in Resources */ = {isa = PBXBuildFile; fileRef = 20000000000000000000000B /* Assets.xcassets */; };
		10000000000000000000000D /* FilePreviewSupport.swift in Sources */ = {isa = PBXBuildFile; fileRef = 20000000000000000000000D /* FilePreviewSupport.swift */; };
		10000000000000000000000E /* FilePreviewViews.swift in Sources */ = {isa = PBXBuildFile; fileRef = 20000000000000000000000E /* FilePreviewViews.swift */; };
		10000000000000000000000F /* MobileVLCKit in Frameworks */ = {isa = PBXBuildFile; productRef = P00000000000000000000002 /* MobileVLCKit */; };
/* End PBXBuildFile section */

/* Begin PBXFileReference section */
		200000000000000000000001 /* RemoteCanvasApp.swift */ = {isa = PBXFileReference; lastKnownFileType = sourcecode.swift; path = RemoteCanvasApp.swift; sourceTree = "<group>"; };
		200000000000000000000002 /* PairedDevice.swift */ = {isa = PBXFileReference; lastKnownFileType = sourcecode.swift; path = PairedDevice.swift; sourceTree = "<group>"; };
		200000000000000000000003 /* AppModel.swift */ = {isa = PBXFileReference; lastKnownFileType = sourcecode.swift; path = AppModel.swift; sourceTree = "<group>"; };
		200000000000000000000004 /* RemoteSessionTransport.swift */ = {isa = PBXFileReference; lastKnownFileType = sourcecode.swift; path = RemoteSessionTransport.swift; sourceTree = "<group>"; };
		200000000000000000000005 /* AppRootView.swift */ = {isa = PBXFileReference; lastKnownFileType = sourcecode.swift; path = AppRootView.swift; sourceTree = "<group>"; };
		200000000000000000000006 /* DevicesView.swift */ = {isa = PBXFileReference; lastKnownFileType = sourcecode.swift; path = DevicesView.swift; sourceTree = "<group>"; };
		200000000000000000000007 /* PairDeviceView.swift */ = {isa = PBXFileReference; lastKnownFileType = sourcecode.swift; path = PairDeviceView.swift; sourceTree = "<group>"; };
		200000000000000000000008 /* SecuritySettingsView.swift */ = {isa = PBXFileReference; lastKnownFileType = sourcecode.swift; path = SecuritySettingsView.swift; sourceTree = "<group>"; };
		200000000000000000000009 /* RemoteSessionView.swift */ = {isa = PBXFileReference; lastKnownFileType = sourcecode.swift; path = RemoteSessionView.swift; sourceTree = "<group>"; };
		20000000000000000000000A /* RemoteWorkspaceView.swift */ = {isa = PBXFileReference; lastKnownFileType = sourcecode.swift; path = RemoteWorkspaceView.swift; sourceTree = "<group>"; };
		20000000000000000000000B /* Assets.xcassets */ = {isa = PBXFileReference; lastKnownFileType = folder.assetcatalog; path = Assets.xcassets; sourceTree = "<group>"; };
		20000000000000000000000C /* RemoteCanvas.app */ = {isa = PBXFileReference; explicitFileType = wrapper.application; includeInIndex = 0; path = RemoteCanvas.app; sourceTree = BUILT_PRODUCTS_DIR; };
		20000000000000000000000D /* FilePreviewSupport.swift */ = {isa = PBXFileReference; lastKnownFileType = sourcecode.swift; path = FilePreviewSupport.swift; sourceTree = "<group>"; };
		20000000000000000000000E /* FilePreviewViews.swift */ = {isa = PBXFileReference; lastKnownFileType = sourcecode.swift; path = FilePreviewViews.swift; sourceTree = "<group>"; };
/* End PBXFileReference section */

/* Begin PBXFrameworksBuildPhase section */
		300000000000000000000001 /* Frameworks */ = {
			isa = PBXFrameworksBuildPhase;
			buildActionMask = 2147483647;
			files = (
				10000000000000000000000F /* MobileVLCKit in Frameworks */,
			);
			runOnlyForDeploymentPostprocessing = 0;
		};
/* End PBXFrameworksBuildPhase section */

/* Begin PBXGroup section */
		400000000000000000000001 = {
			isa = PBXGroup;
			children = (
				400000000000000000000002 /* RemoteCanvas */,
				400000000000000000000007 /* Products */,
			);
			sourceTree = "<group>";
		};
		400000000000000000000002 /* RemoteCanvas */ = {
			isa = PBXGroup;
			children = (
				200000000000000000000001 /* RemoteCanvasApp.swift */,
				400000000000000000000003 /* Models */,
				400000000000000000000004 /* Services */,
				400000000000000000000005 /* Views */,
				20000000000000000000000B /* Assets.xcassets */,
			);
			path = RemoteCanvas;
			sourceTree = "<group>";
		};
		400000000000000000000003 /* Models */ = {
			isa = PBXGroup;
			children = (
				200000000000000000000002 /* PairedDevice.swift */,
			);
			path = Models;
			sourceTree = "<group>";
		};
		400000000000000000000004 /* Services */ = {
			isa = PBXGroup;
			children = (
				200000000000000000000003 /* AppModel.swift */,
				200000000000000000000004 /* RemoteSessionTransport.swift */,
				20000000000000000000000D /* FilePreviewSupport.swift */,
			);
			path = Services;
			sourceTree = "<group>";
		};
		400000000000000000000005 /* Views */ = {
			isa = PBXGroup;
			children = (
				200000000000000000000005 /* AppRootView.swift */,
				200000000000000000000006 /* DevicesView.swift */,
				200000000000000000000007 /* PairDeviceView.swift */,
				200000000000000000000008 /* SecuritySettingsView.swift */,
				200000000000000000000009 /* RemoteSessionView.swift */,
				20000000000000000000000E /* FilePreviewViews.swift */,
				400000000000000000000006 /* Components */,
			);
			path = Views;
			sourceTree = "<group>";
		};
		400000000000000000000006 /* Components */ = {
			isa = PBXGroup;
			children = (
				20000000000000000000000A /* RemoteWorkspaceView.swift */,
			);
			path = Components;
			sourceTree = "<group>";
		};
		400000000000000000000007 /* Products */ = {
			isa = PBXGroup;
			children = (
				20000000000000000000000C /* RemoteCanvas.app */,
			);
			name = Products;
			sourceTree = "<group>";
		};
/* End PBXGroup section */

/* Begin PBXNativeTarget section */
		500000000000000000000001 /* RemoteCanvas */ = {
			isa = PBXNativeTarget;
			buildConfigurationList = 900000000000000000000002 /* Build configuration list for PBXNativeTarget "RemoteCanvas" */;
			buildPhases = (
				700000000000000000000001 /* Sources */,
				300000000000000000000001 /* Frameworks */,
				800000000000000000000001 /* Resources */,
			);
			buildRules = (
			);
			dependencies = (
			);
			name = RemoteCanvas;
			packageProductDependencies = (
				P00000000000000000000002 /* MobileVLCKit */,
			);
			productName = RemoteCanvas;
			productReference = 20000000000000000000000C /* RemoteCanvas.app */;
			productType = "com.apple.product-type.application";
		};
/* End PBXNativeTarget section */

/* Begin PBXProject section */
		600000000000000000000001 /* Project object */ = {
			isa = PBXProject;
			attributes = {
				BuildIndependentTargetsInParallel = 1;
				LastSwiftUpdateCheck = 2660;
				LastUpgradeCheck = 2660;
				TargetAttributes = {
					500000000000000000000001 = {
						CreatedOnToolsVersion = 26.6;
					};
				};
			};
			buildConfigurationList = 900000000000000000000001 /* Build configuration list for PBXProject "RemoteCanvas" */;
			compatibilityVersion = "Xcode 14.0";
			developmentRegion = ja;
			hasScannedForEncodings = 0;
			knownRegions = (
				ja,
				Base,
			);
			mainGroup = 400000000000000000000001;
			packageReferences = (
				P00000000000000000000001 /* XCRemoteSwiftPackageReference "MobileVLCKit-SPM-Lite" */,
			);
			productRefGroup = 400000000000000000000007 /* Products */;
			projectDirPath = "";
			projectRoot = "";
			targets = (
				500000000000000000000001 /* RemoteCanvas */,
			);
		};
/* End PBXProject section */

/* Begin PBXResourcesBuildPhase section */
		800000000000000000000001 /* Resources */ = {
			isa = PBXResourcesBuildPhase;
			buildActionMask = 2147483647;
			files = (
				10000000000000000000000B /* Assets.xcassets in Resources */,
			);
			runOnlyForDeploymentPostprocessing = 0;
		};
/* End PBXResourcesBuildPhase section */

/* Begin PBXSourcesBuildPhase section */
		700000000000000000000001 /* Sources */ = {
			isa = PBXSourcesBuildPhase;
			buildActionMask = 2147483647;
			files = (
				100000000000000000000001 /* RemoteCanvasApp.swift in Sources */,
				100000000000000000000002 /* PairedDevice.swift in Sources */,
				100000000000000000000003 /* AppModel.swift in Sources */,
				100000000000000000000004 /* RemoteSessionTransport.swift in Sources */,
				100000000000000000000005 /* AppRootView.swift in Sources */,
				100000000000000000000006 /* DevicesView.swift in Sources */,
				100000000000000000000007 /* PairDeviceView.swift in Sources */,
				100000000000000000000008 /* SecuritySettingsView.swift in Sources */,
				100000000000000000000009 /* RemoteSessionView.swift in Sources */,
				10000000000000000000000A /* RemoteWorkspaceView.swift in Sources */,
				10000000000000000000000D /* FilePreviewSupport.swift in Sources */,
				10000000000000000000000E /* FilePreviewViews.swift in Sources */,
			);
			runOnlyForDeploymentPostprocessing = 0;
		};
/* End PBXSourcesBuildPhase section */

/* Begin XCBuildConfiguration section */
		A00000000000000000000001 /* Debug */ = {
			isa = XCBuildConfiguration;
			buildSettings = {
				ALWAYS_SEARCH_USER_PATHS = NO;
				CLANG_ENABLE_MODULES = YES;
				CLANG_ENABLE_OBJC_ARC = YES;
				COPY_PHASE_STRIP = NO;
				DEBUG_INFORMATION_FORMAT = dwarf;
				ENABLE_TESTABILITY = YES;
				GCC_C_LANGUAGE_STANDARD = gnu17;
				GCC_OPTIMIZATION_LEVEL = 0;
				MTL_ENABLE_DEBUG_INFO = INCLUDE_SOURCE;
				ONLY_ACTIVE_ARCH = YES;
				SDKROOT = iphoneos;
				SWIFT_ACTIVE_COMPILATION_CONDITIONS = "DEBUG $(inherited)";
				SWIFT_OPTIMIZATION_LEVEL = "-Onone";
			};
			name = Debug;
		};
		A00000000000000000000002 /* Release */ = {
			isa = XCBuildConfiguration;
			buildSettings = {
				ALWAYS_SEARCH_USER_PATHS = NO;
				CLANG_ENABLE_MODULES = YES;
				CLANG_ENABLE_OBJC_ARC = YES;
				COPY_PHASE_STRIP = YES;
				DEBUG_INFORMATION_FORMAT = "dwarf-with-dsym";
				GCC_C_LANGUAGE_STANDARD = gnu17;
				SDKROOT = iphoneos;
				SWIFT_COMPILATION_MODE = wholemodule;
				VALIDATE_PRODUCT = YES;
			};
			name = Release;
		};
		A00000000000000000000003 /* Debug */ = {
			isa = XCBuildConfiguration;
			buildSettings = {
				ASSETCATALOG_COMPILER_APPICON_NAME = AppIcon;
				ASSETCATALOG_COMPILER_GLOBAL_ACCENT_COLOR_NAME = AccentColor;
				CODE_SIGN_STYLE = Automatic;
				CURRENT_PROJECT_VERSION = 14;
				DEVELOPMENT_TEAM = 9W45783256;
				GENERATE_INFOPLIST_FILE = NO;
				INFOPLIST_FILE = RemoteCanvas/Info.plist;
				INFOPLIST_KEY_CFBundleDisplayName = RemoteCanvas;
				INFOPLIST_KEY_LSApplicationCategoryType = "public.app-category.productivity";
				INFOPLIST_KEY_NSAppTransportSecurity_NSAllowsArbitraryLoads = YES;
				INFOPLIST_KEY_NSLocalNetworkUsageDescription = "RemoteCanvas uses the local network to reach your Windows PC.";
				INFOPLIST_KEY_UIApplicationSupportsIndirectInputEvents = YES;
				INFOPLIST_KEY_UILaunchScreen_Generation = YES;
				INFOPLIST_KEY_UISupportedInterfaceOrientations = "UIInterfaceOrientationPortrait UIInterfaceOrientationPortraitUpsideDown UIInterfaceOrientationLandscapeLeft UIInterfaceOrientationLandscapeRight";
				IPHONEOS_DEPLOYMENT_TARGET = 17.0;
				LD_RUNPATH_SEARCH_PATHS = (
					"$(inherited)",
					"@executable_path/Frameworks",
					"@loader_path/Frameworks",
				);
				MARKETING_VERSION = 0.4.10;
				OTHER_LDFLAGS = (
					"$(inherited)",
					"-ObjC",
				);
				PRODUCT_BUNDLE_IDENTIFIER = jp.remote-canvas.app;
				PRODUCT_NAME = "$(TARGET_NAME)";
				SUPPORTED_PLATFORMS = "iphoneos iphonesimulator";
				SUPPORTS_MACCATALYST = NO;
				SWIFT_EMIT_LOC_STRINGS = YES;
				SWIFT_STRICT_CONCURRENCY = minimal;
				SWIFT_VERSION = 6.0;
				TARGETED_DEVICE_FAMILY = "1,2";
			};
			name = Debug;
		};
		A00000000000000000000004 /* Release */ = {
			isa = XCBuildConfiguration;
			buildSettings = {
				ASSETCATALOG_COMPILER_APPICON_NAME = AppIcon;
				ASSETCATALOG_COMPILER_GLOBAL_ACCENT_COLOR_NAME = AccentColor;
				CODE_SIGN_STYLE = Automatic;
				CURRENT_PROJECT_VERSION = 14;
				DEVELOPMENT_TEAM = 9W45783256;
				GENERATE_INFOPLIST_FILE = NO;
				INFOPLIST_FILE = RemoteCanvas/Info.plist;
				INFOPLIST_KEY_CFBundleDisplayName = RemoteCanvas;
				INFOPLIST_KEY_LSApplicationCategoryType = "public.app-category.productivity";
				INFOPLIST_KEY_NSAppTransportSecurity_NSAllowsArbitraryLoads = YES;
				INFOPLIST_KEY_NSLocalNetworkUsageDescription = "RemoteCanvas uses the local network to reach your Windows PC.";
				INFOPLIST_KEY_UIApplicationSupportsIndirectInputEvents = YES;
				INFOPLIST_KEY_UILaunchScreen_Generation = YES;
				INFOPLIST_KEY_UISupportedInterfaceOrientations = "UIInterfaceOrientationPortrait UIInterfaceOrientationPortraitUpsideDown UIInterfaceOrientationLandscapeLeft UIInterfaceOrientationLandscapeRight";
				IPHONEOS_DEPLOYMENT_TARGET = 17.0;
				LD_RUNPATH_SEARCH_PATHS = (
					"$(inherited)",
					"@executable_path/Frameworks",
					"@loader_path/Frameworks",
				);
				MARKETING_VERSION = 0.4.10;
				OTHER_LDFLAGS = (
					"$(inherited)",
					"-ObjC",
				);
				PRODUCT_BUNDLE_IDENTIFIER = jp.remote-canvas.app;
				PRODUCT_NAME = "$(TARGET_NAME)";
				SUPPORTED_PLATFORMS = "iphoneos iphonesimulator";
				SUPPORTS_MACCATALYST = NO;
				SWIFT_EMIT_LOC_STRINGS = YES;
				SWIFT_STRICT_CONCURRENCY = minimal;
				SWIFT_VERSION = 6.0;
				TARGETED_DEVICE_FAMILY = "1,2";
			};
			name = Release;
		};
/* End XCBuildConfiguration section */

/* Begin XCConfigurationList section */
		900000000000000000000001 /* Build configuration list for PBXProject "RemoteCanvas" */ = {
			isa = XCConfigurationList;
			buildConfigurations = (
				A00000000000000000000001 /* Debug */,
				A00000000000000000000002 /* Release */,
			);
			defaultConfigurationIsVisible = 0;
			defaultConfigurationName = Release;
		};
		900000000000000000000002 /* Build configuration list for PBXNativeTarget "RemoteCanvas" */ = {
			isa = XCConfigurationList;
			buildConfigurations = (
				A00000000000000000000003 /* Debug */,
				A00000000000000000000004 /* Release */,
			);
			defaultConfigurationIsVisible = 0;
			defaultConfigurationName = Release;
		};
/* End XCConfigurationList section */

/* Begin XCRemoteSwiftPackageReference section */
		P00000000000000000000001 /* XCRemoteSwiftPackageReference "MobileVLCKit-SPM-Lite" */ = {
			isa = XCRemoteSwiftPackageReference;
			repositoryURL = "https://github.com/MobileVLCKit-SPM/MobileVLCKit-SPM-Lite";
			requirement = {
				kind = exactVersion;
				version = 3.7.3;
			};
		};
/* End XCRemoteSwiftPackageReference section */

/* Begin XCSwiftPackageProductDependency section */
		P00000000000000000000002 /* MobileVLCKit */ = {
			isa = XCSwiftPackageProductDependency;
			package = P00000000000000000000001 /* XCRemoteSwiftPackageReference "MobileVLCKit-SPM-Lite" */;
			productName = MobileVLCKit;
		};
/* End XCSwiftPackageProductDependency section */
	};
	rootObject = 600000000000000000000001 /* Project object */;
}
